PODS:
  - AFNetworking (3.2.1):
    - AFNetworking/NSURLSession (= 3.2.1)
    - AFNetworking/Reachability (= 3.2.1)
    - AFNetworking/Security (= 3.2.1)
    - AFNetworking/Serialization (= 3.2.1)
    - AFNetworking/UIKit (= 3.2.1)
  - AFNetworking/NSURLSession (3.2.1):
    - AFNetworking/Reachability
    - AFNetworking/Security
    - AFNetworking/Serialization
  - AFNetworking/Reachability (3.2.1)
  - AFNetworking/Security (3.2.1)
  - AFNetworking/Serialization (3.2.1)
  - AFNetworking/UIKit (3.2.1):
    - AFNetworking/NSURLSession
  - CrashlyticsFramework (2.2.10)
  - NJKWebViewProgress (0.1.8)
  - ObjectiveDropboxOfficial (3.10.0)
  - PSPDFTextView (1.2.0)
  - RSTWebViewController (0.1):
    - NJKWebViewProgress (~> 0.1.0)

DEPENDENCIES:
  - AFNetworking (~> 3.2)
  - CrashlyticsFramework
  - ObjectiveDropboxOfficial (~> 3.10.0)
  - PSPDFTextView (from `https://github.com/steipete/PSPDFTextView.git`)
  - RSTWebViewController (from `https://github.com/rileytestut/RSTWebViewController-Legacy.git`)

SPEC REPOS:
  trunk:
    - AFNetworking
    - CrashlyticsFramework
    - NJKWebViewProgress
    - ObjectiveDropboxOfficial

EXTERNAL SOURCES:
  PSPDFTextView:
    :git: https://github.com/steipete/PSPDFTextView.git
  RSTWebViewController:
    :git: https://github.com/rileytestut/RSTWebViewController-Legacy.git

CHECKOUT OPTIONS:
  PSPDFTextView:
    :commit: f53c03a5024cdeb6761598314abc8e5e2900bb02
    :git: https://github.com/steipete/PSPDFTextView.git
  RSTWebViewController:
    :commit: 47598a3db734b7584da0361a3e8db391504bb7c0
    :git: https://github.com/rileytestut/RSTWebViewController-Legacy.git

SPEC CHECKSUMS:
  AFNetworking: b6f891fdfaed196b46c7a83cf209e09697b94057
  CrashlyticsFramework: 5b7a9fb3d94124e3c20a9b10f93244706cfdb0f1
  NJKWebViewProgress: a9d0ca8fbad5ebe5d2bc7d9aa16673b02d4a96e6
  ObjectiveDropboxOfficial: 19a4913d4d52fba035d41f40da71df0d6b303327
  PSPDFTextView: 6a96b0f0b933a08d56458d95bf48db5956187b89
  RSTWebViewController: 3d6aaa009b3ba431a98b842ab5cd5a3b6602a20e

PODFILE CHECKSUM: 50e265680ec29b71bcc414ba6e77fe0a2d4f8de1

COCOAPODS: 1.10.1
